<?xml version="1.0" encoding="UTF-8"?>
<Scheme
   LastUpgradeVersion = "0700"
   version = "1.3">
   <BuildAction
      parallelizeBuildables = "YES"
      buildImplicitDependencies = "YES">
      <BuildActionEntries>
         <BuildActionEntry
            buildForTesting = "YES"
            buildForRunning = "YES"
            buildForProfiling = "YES"
            buildForArchiving = "YES"
            buildForAnalyzing = "YES">
            <BuildableReference
               BuildableIdentifier = "primary"
               BlueprintIdentifier = "09030B891B6D26AF00275BF5"
               BuildableName = "swiftgen-assets"
               BlueprintName = "swiftgen-assets"
               ReferencedContainer = "container:SwiftGen.xcodeproj">
            </BuildableReference>
         </BuildActionEntry>
         <BuildActionEntry
            buildForTesting = "YES"
            buildForRunning = "YES"
            buildForProfiling = "YES"
            buildForArchiving = "YES"
            buildForAnalyzing = "YES">
            <BuildableReference
               BuildableIdentifier = "primary"
               BlueprintIdentifier = "09030B911B6D26B800275BF5"
               BuildableName = "swiftgen-colors"
               BlueprintName = "swiftgen-colors"
               ReferencedContainer = "container:SwiftGen.xcodeproj">
            </BuildableReference>
         </BuildActionEntry>
         <BuildActionEntry
            buildForTesting = "YES"
            buildForRunning = "YES"
            buildForProfiling = "YES"
            buildForArchiving = "YES"
            buildForAnalyzing = "YES">
            <BuildableReference
               BuildableIdentifier = "primary"
               BlueprintIdentifier = "09030B991B6D26C100275BF5"
               BuildableName = "swiftgen-l10n"
               BlueprintName = "swiftgen-l10n"
               ReferencedContainer = "container:SwiftGen.xcodeproj">
            </BuildableReference>
         </BuildActionEntry>
         <BuildActionEntry
            buildForTesting = "YES"
            buildForRunning = "YES"
            buildForProfiling = "YES"
            buildForArchiving = "YES"
            buildForAnalyzing = "YES">
            <BuildableReference
               BuildableIdentifier = "primary"
               BlueprintIdentifier = "09030B6A1B6D254200275BF5"
               BuildableName = "swiftgen-storyboard"
               BlueprintName = "swiftgen-storyboard"
               ReferencedContainer = "container:SwiftGen.xcodeproj">
            </BuildableReference>
         </BuildActionEntry>
         <BuildActionEntry
            buildForTesting = "YES"
            buildForRunning = "NO"
            buildForProfiling = "NO"
            buildForArchiving = "NO"
            buildForAnalyzing = "NO">
            <BuildableReference
               BuildableIdentifier = "primary"
               BlueprintIdentifier = "09E714791B6D7247007FF3CF"
               BuildableName = "common-tests.xctest"
               BlueprintName = "common-tests"
               ReferencedContainer = "container:SwiftGen.xcodeproj">
            </BuildableReference>
         </BuildActionEntry>
      </BuildActionEntries>
   </BuildAction>
   <TestAction
      buildConfiguration = "Debug"
      selectedDebuggerIdentifier = "Xcode.DebuggerFoundation.Debugger.LLDB"
      selectedLauncherIdentifier = "Xcode.DebuggerFoundation.Launcher.LLDB"
      shouldUseLaunchSchemeArgsEnv = "YES">
      <Testables>
         <TestableReference
            skipped = "NO">
            <BuildableReference
               BuildableIdentifier = "primary"
               BlueprintIdentifier = "09030BD91B6D2E7E00275BF5"
               BuildableName = "swiftgen-assets-tests.xctest"
               BlueprintName = "swiftgen-assets-tests"
               ReferencedContainer = "container:SwiftGen.xcodeproj">
            </BuildableReference>
         </TestableReference>
         <TestableReference
            skipped = "NO">
            <BuildableReference
               BuildableIdentifier = "primary"
               BlueprintIdentifier = "09030BE61B6D2EB000275BF5"
               BuildableName = "swiftgen-colors-tests.xctest"
               BlueprintName = "swiftgen-colors-tests"
               ReferencedContainer = "container:SwiftGen.xcodeproj">
            </BuildableReference>
         </TestableReference>
         <TestableReference
            skipped = "NO">
            <BuildableReference
               BuildableIdentifier = "primary"
               BlueprintIdentifier = "09030BF31B6D2ED500275BF5"
               BuildableName = "swiftgen-l10n-tests.xctest"
               BlueprintName = "swiftgen-l10n-tests"
               ReferencedContainer = "container:SwiftGen.xcodeproj">
            </BuildableReference>
         </TestableReference>
         <TestableReference
            skipped = "NO">
            <BuildableReference
               BuildableIdentifier = "primary"
               BlueprintIdentifier = "09030BBB1B6D2A8F00275BF5"
               BuildableName = "swiftgen-storyboard-tests.xctest"
               BlueprintName = "swiftgen-storyboard-tests"
               ReferencedContainer = "container:SwiftGen.xcodeproj">
            </BuildableReference>
         </TestableReference>
         <TestableReference
            skipped = "NO">
            <BuildableReference
               BuildableIdentifier = "primary"
               BlueprintIdentifier = "09E714791B6D7247007FF3CF"
               BuildableName = "common-tests.xctest"
               BlueprintName = "common-tests"
               ReferencedContainer = "container:SwiftGen.xcodeproj">
            </BuildableReference>
         </TestableReference>
      </Testables>
      <MacroExpansion>
         <BuildableReference
            BuildableIdentifier = "primary"
            BlueprintIdentifier = "09030B891B6D26AF00275BF5"
            BuildableName = "swiftgen-assets"
            BlueprintName = "swiftgen-assets"
            ReferencedContainer = "container:SwiftGen.xcodeproj">
         </BuildableReference>
      </MacroExpansion>
      <AdditionalOptions>
      </AdditionalOptions>
   </TestAction>
   <LaunchAction
      buildConfiguration = "Debug"
      selectedDebuggerIdentifier = "Xcode.DebuggerFoundation.Debugger.LLDB"
      selectedLauncherIdentifier = "Xcode.DebuggerFoundation.Launcher.LLDB"
      launchStyle = "0"
      useCustomWorkingDirectory = "NO"
      ignoresPersistentStateOnLaunch = "NO"
      debugDocumentVersioning = "YES"
      debugServiceExtension = "internal"
      allowLocationSimulation = "YES">
      <MacroExpansion>
         <BuildableReference
            BuildableIdentifier = "primary"
            BlueprintIdentifier = "09030B891B6D26AF00275BF5"
            BuildableName = "swiftgen-assets"
            BlueprintName = "swiftgen-assets"
            ReferencedContainer = "container:SwiftGen.xcodeproj">
         </BuildableReference>
      </MacroExpansion>
      <AdditionalOptions>
      </AdditionalOptions>
   </LaunchAction>
   <ProfileAction
      buildConfiguration = "Release"
      shouldUseLaunchSchemeArgsEnv = "YES"
      savedToolIdentifier = ""
      useCustomWorkingDirectory = "NO"
      debugDocumentVersioning = "YES">
      <MacroExpansion>
         <BuildableReference
            BuildableIdentifier = "primary"
            BlueprintIdentifier = "09030B891B6D26AF00275BF5"
            BuildableName = "swiftgen-assets"
            BlueprintName = "swiftgen-assets"
            ReferencedContainer = "container:SwiftGen.xcodeproj">
         </BuildableReference>
      </MacroExpansion>
   </ProfileAction>
   <AnalyzeAction
      buildConfiguration = "Debug">
   </AnalyzeAction>
   <ArchiveAction
      buildConfiguration = "Release"
      revealArchiveInOrganizer = "YES">
   </ArchiveAction>
</Scheme>
