<?xml version="1.0" encoding="UTF-8"?>
<Scheme
   LastUpgradeVersion = "1140"
   version = "1.3">
   <BuildAction
      parallelizeBuildables = "YES"
      buildImplicitDependencies = "YES">
      <BuildActionEntries>
         <BuildActionEntry
            buildForTesting = "NO"
            buildForRunning = "YES"
            buildForProfiling = "NO"
            buildForArchiving = "NO"
            buildForAnalyzing = "YES">
            <BuildableReference
               BuildableIdentifier = "primary"
               BlueprintIdentifier = "234F7E6D1DEBD5C5001B3C10"
               BuildableName = "swiftgen.app"
               BlueprintName = "swiftgen"
               ReferencedContainer = "container:SwiftGen.xcodeproj">
            </BuildableReference>
         </BuildActionEntry>
         <BuildActionEntry
            buildForTesting = "YES"
            buildForRunning = "NO"
            buildForProfiling = "NO"
            buildForArchiving = "NO"
            buildForAnalyzing = "YES">
            <BuildableReference
               BuildableIdentifier = "primary"
               BlueprintIdentifier = "09A87B4F1BCCA2C600D9B9F5"
               BuildableName = "SwiftGen UnitTests.xctest"
               BlueprintName = "SwiftGen UnitTests"
               ReferencedContainer = "container:SwiftGen.xcodeproj">
            </BuildableReference>
         </BuildActionEntry>
      </BuildActionEntries>
   </BuildAction>
   <TestAction
      buildConfiguration = "Debug"
      selectedDebuggerIdentifier = "Xcode.DebuggerFoundation.Debugger.LLDB"
      selectedLauncherIdentifier = "Xcode.DebuggerFoundation.Launcher.LLDB"
      shouldUseLaunchSchemeArgsEnv = "NO">
      <Testables>
         <TestableReference
            skipped = "NO"
            parallelizable = "YES"
            testExecutionOrdering = "random">
            <BuildableReference
               BuildableIdentifier = "primary"
               BlueprintIdentifier = "DDDE519F1FAF814A004203BE"
               BuildableName = "SwiftGenKit UnitTests.xctest"
               BlueprintName = "SwiftGenKit UnitTests"
               ReferencedContainer = "container:SwiftGen.xcodeproj">
            </BuildableReference>
         </TestableReference>
         <TestableReference
            skipped = "NO"
            parallelizable = "YES"
            testExecutionOrdering = "random">
            <BuildableReference
               BuildableIdentifier = "primary"
               BlueprintIdentifier = "DDDE50291FAF687A004203BE"
               BuildableName = "Templates UnitTests.xctest"
               BlueprintName = "Templates UnitTests"
               ReferencedContainer = "container:SwiftGen.xcodeproj">
            </BuildableReference>
         </TestableReference>
         <TestableReference
            skipped = "NO"
            parallelizable = "YES"
            testExecutionOrdering = "random">
            <BuildableReference
               BuildableIdentifier = "primary"
               BlueprintIdentifier = "09A87B4F1BCCA2C600D9B9F5"
               BuildableName = "SwiftGen UnitTests.xctest"
               BlueprintName = "SwiftGen UnitTests"
               ReferencedContainer = "container:SwiftGen.xcodeproj">
            </BuildableReference>
         </TestableReference>
      </Testables>
   </TestAction>
   <LaunchAction
      buildConfiguration = "Debug"
      selectedDebuggerIdentifier = "Xcode.DebuggerFoundation.Debugger.LLDB"
      selectedLauncherIdentifier = "Xcode.DebuggerFoundation.Launcher.LLDB"
      launchStyle = "0"
      useCustomWorkingDirectory = "NO"
      ignoresPersistentStateOnLaunch = "NO"
      debugDocumentVersioning = "NO"
      debugServiceExtension = "internal"
      allowLocationSimulation = "YES">
      <BuildableProductRunnable
         runnableDebuggingMode = "0">
         <BuildableReference
            BuildableIdentifier = "primary"
            BlueprintIdentifier = "234F7E6D1DEBD5C5001B3C10"
            BuildableName = "swiftgen.app"
            BlueprintName = "swiftgen"
            ReferencedContainer = "container:SwiftGen.xcodeproj">
         </BuildableReference>
      </BuildableProductRunnable>
      <CommandLineArguments>
         <CommandLineArgument
            argument = "--help"
            isEnabled = "YES">
         </CommandLineArgument>
         <CommandLineArgument
            argument = "--version"
            isEnabled = "NO">
         </CommandLineArgument>
         <CommandLineArgument
            argument = "config lint --config $(PROJECT_DIR)/Tests/Fixtures/Configs/config-missing-paths.yml"
            isEnabled = "NO">
         </CommandLineArgument>
         <CommandLineArgument
            argument = "config run --verbose --config $(PROJECT_DIR)/Tests/Fixtures/Configs/config-with-params.yml"
            isEnabled = "NO">
         </CommandLineArgument>
         <CommandLineArgument
            argument = "config init --config /tmp/swiftgen-dummy-config.yml"
            isEnabled = "NO">
         </CommandLineArgument>
         <CommandLineArgument
            argument = "config doc"
            isEnabled = "NO">
         </CommandLineArgument>
         <CommandLineArgument
            argument = "templates list"
            isEnabled = "NO">
         </CommandLineArgument>
         <CommandLineArgument
            argument = "colors --templateName swift4 $(PROJECT_DIR)/Tests/Fixtures/Resources/Colors/colors.xml"
            isEnabled = "NO">
         </CommandLineArgument>
         <CommandLineArgument
            argument = "coredata --templateName swift4 $(PROJECT_DIR)/Tests/Fixtures/Resources/CoreData/Model.xcdatamodeld"
            isEnabled = "NO">
         </CommandLineArgument>
         <CommandLineArgument
            argument = "fonts --templateName swift4 $(PROJECT_DIR)/Tests/Fixtures/Resources/Fonts"
            isEnabled = "NO">
         </CommandLineArgument>
         <CommandLineArgument
            argument = "ib --templateName scenes-swift4 $(PROJECT_DIR)/Tests/Fixtures/Resources/IB-iOS"
            isEnabled = "NO">
         </CommandLineArgument>
         <CommandLineArgument
            argument = "ib --templateName segues-swift4 $(PROJECT_DIR)/Tests/Fixtures/Resources/IB-iOS"
            isEnabled = "NO">
         </CommandLineArgument>
         <CommandLineArgument
            argument = "plist --templateName inline-swift4 $(PROJECT_DIR)/Tests/Fixtures/Resources/Plist/good/Info.plist"
            isEnabled = "NO">
         </CommandLineArgument>
         <CommandLineArgument
            argument = "strings --templateName structured-swift4 $(PROJECT_DIR)/Tests/Fixtures/Resources/Strings/Localizable.strings"
            isEnabled = "NO">
         </CommandLineArgument>
         <CommandLineArgument
            argument = "xcassets --templateName swift4 $(PROJECT_DIR)/Tests/Fixtures/Resources/XCAssets/Images.xcassets"
            isEnabled = "NO">
         </CommandLineArgument>
         <CommandLineArgument
            argument = "xcassets --templateName swift4 $(PROJECT_DIR)/Tests/Fixtures/Resources/XCAssets/Data.xcassets"
            isEnabled = "NO">
         </CommandLineArgument>
         <CommandLineArgument
            argument = "yaml --templateName inline-swift4 $(PROJECT_DIR)/Tests/Fixtures/Resources/YAML/good/documents.yaml"
            isEnabled = "NO">
         </CommandLineArgument>
      </CommandLineArguments>
   </LaunchAction>
   <ProfileAction
      buildConfiguration = "Release"
      shouldUseLaunchSchemeArgsEnv = "YES"
      savedToolIdentifier = ""
      useCustomWorkingDirectory = "NO"
      debugDocumentVersioning = "YES">
      <MacroExpansion>
         <BuildableReference
            BuildableIdentifier = "primary"
            BlueprintIdentifier = "234F7E6D1DEBD5C5001B3C10"
            BuildableName = "swiftgen.app"
            BlueprintName = "swiftgen"
            ReferencedContainer = "container:SwiftGen.xcodeproj">
         </BuildableReference>
      </MacroExpansion>
   </ProfileAction>
   <AnalyzeAction
      buildConfiguration = "Debug">
   </AnalyzeAction>
   <ArchiveAction
      buildConfiguration = "Release"
      revealArchiveInOrganizer = "YES">
   </ArchiveAction>
</Scheme>
